
Microsoft Visual Studio Solution File, Format Version 12.00
# Visual Studio Version 17
VisualStudioVersion = 17.9.34622.214
MinimumVisualStudioVersion = 10.0.40219.1
Project("{FAE04EC0-301F-11D3-BF4B-00C04F79EFBC}") = "ExcelCompare", "ExcelCompare\ExcelCompare.csproj", "{826720AC-D1E2-420C-AFD8-64AD62BF7674}"
EndProject
Global
	GlobalSection(SolutionConfigurationPlatforms) = preSolution
		Debug|Any CPU = Debug|Any CPU
		Release|Any CPU = Release|Any CPU
	EndGlobalSection
	GlobalSection(ProjectConfigurationPlatforms) = postSolution
		{826720AC-D1E2-420C-AFD8-64AD62BF7674}.Debug|Any CPU.ActiveCfg = Debug|Any CPU
		{826720AC-D1E2-420C-AFD8-64AD62BF7674}.Debug|Any CPU.Build.0 = Debug|Any CPU
		{826720AC-D1E2-420C-AFD8-64AD62BF7674}.Release|Any CPU.ActiveCfg = Release|Any CPU
		{826720AC-D1E2-420C-AFD8-64AD62BF7674}.Release|Any CPU.Build.0 = Release|Any CPU
	EndGlobalSection
	GlobalSection(SolutionProperties) = preSolution
		HideSolutionNode = FALSE
	EndGlobalSection
	GlobalSection(ExtensibilityGlobals) = postSolution
		SolutionGuid = {21DAE515-E733-4B9D-A2F2-E20D6154BCE9}
	EndGlobalSection
EndGlobal
